// !$*UTF8*$!
{
	archiveVersion = 1;
	classes = {
	};
	objectVersion = 50;
	objects = {

/* Begin PBXBuildFile section */
		F68C699423D1174C00FB3B5D /* AppDelegate.swift in Sources */ = {isa = PBXBuildFile; fileRef = F68C699323D1174C00FB3B5D /* AppDelegate.swift */; };
		F68C699623D1174C00FB3B5D /* SceneDelegate.swift in Sources */ = {isa = PBXBuildFile; fileRef = F68C699523D1174C00FB3B5D /* SceneDelegate.swift */; };
		F68C699923D1174C00FB3B5D /* Run_Tracker.xcdatamodeld in Sources */ = {isa = PBXBuildFile; fileRef = F68C699723D1174C00FB3B5D /* Run_Tracker.xcdatamodeld */; };
		F68C699D23D1174D00FB3B5D /* Assets.xcassets in Resources */ = {isa = PBXBuildFile; fileRef = F68C699C23D1174D00FB3B5D /* Assets.xcassets */; };
		F68C69A023D1174D00FB3B5D /* Preview Assets.xcassets in Resources */ = {isa = PBXBuildFile; fileRef = F68C699F23D1174D00FB3B5D /* Preview Assets.xcassets */; };
		F68C69A323D1174D00FB3B5D /* LaunchScreen.storyboard in Resources */ = {isa = PBXBuildFile; fileRef = F68C69A123D1174D00FB3B5D /* LaunchScreen.storyboard */; };
		F68C69AE23D1174D00FB3B5D /* Run_TrackerTests.swift in Sources */ = {isa = PBXBuildFile; fileRef = F68C69AD23D1174D00FB3B5D /* Run_TrackerTests.swift */; };
		F68C69B923D1174E00FB3B5D /* Run_TrackerUITests.swift in Sources */ = {isa = PBXBuildFile; fileRef = F68C69B823D1174E00FB3B5D /* Run_TrackerUITests.swift */; };
		F68C69CA23D117FA00FB3B5D /* RootTabView.swift in Sources */ = {isa = PBXBuildFile; fileRef = F68C69C923D117FA00FB3B5D /* RootTabView.swift */; };
		F68C69D123D11AEE00FB3B5D /* FeedRootView.swift in Sources */ = {isa = PBXBuildFile; fileRef = F68C69D023D11AED00FB3B5D /* FeedRootView.swift */; };
		F68C69D323D11B2800FB3B5D /* FeedViewModel.swift in Sources */ = {isa = PBXBuildFile; fileRef = F68C69D223D11B2800FB3B5D /* FeedViewModel.swift */; };
		F68C69D523D11B3F00FB3B5D /* EventsViewModel.swift in Sources */ = {isa = PBXBuildFile; fileRef = F68C69D423D11B3F00FB3B5D /* EventsViewModel.swift */; };
		F68C69D723D11B5200FB3B5D /* DashboardViewModel.swift in Sources */ = {isa = PBXBuildFile; fileRef = F68C69D623D11B5200FB3B5D /* DashboardViewModel.swift */; };
		F68C69D923D11B6300FB3B5D /* NewWorkoutViewModel.swift in Sources */ = {isa = PBXBuildFile; fileRef = F68C69D823D11B6300FB3B5D /* NewWorkoutViewModel.swift */; };
		F68C69DB23D11B6F00FB3B5D /* ExploreViewModel.swift in Sources */ = {isa = PBXBuildFile; fileRef = F68C69DA23D11B6F00FB3B5D /* ExploreViewModel.swift */; };
		F68C69DF23D11BE400FB3B5D /* ExploreRootView.swift in Sources */ = {isa = PBXBuildFile; fileRef = F68C69DE23D11BE400FB3B5D /* ExploreRootView.swift */; };
		F68C69E123D11C1C00FB3B5D /* NewWorkoutRootView.swift in Sources */ = {isa = PBXBuildFile; fileRef = F68C69E023D11C1C00FB3B5D /* NewWorkoutRootView.swift */; };
		F68C69E323D11C3B00FB3B5D /* DashboardRootView.swift in Sources */ = {isa = PBXBuildFile; fileRef = F68C69E223D11C3B00FB3B5D /* DashboardRootView.swift */; };
		F68C69E523D11C6400FB3B5D /* EventsRootView.swift in Sources */ = {isa = PBXBuildFile; fileRef = F68C69E423D11C6400FB3B5D /* EventsRootView.swift */; };
		F68C69E723D11D8D00FB3B5D /* NewWorkoutButton.swift in Sources */ = {isa = PBXBuildFile; fileRef = F68C69E623D11D8D00FB3B5D /* NewWorkoutButton.swift */; };
		F68C69EA23D2206B00FB3B5D /* FeedFilterView.swift in Sources */ = {isa = PBXBuildFile; fileRef = F68C69E923D2206B00FB3B5D /* FeedFilterView.swift */; };
		F68C69EC23D223C600FB3B5D /* FeedPostView.swift in Sources */ = {isa = PBXBuildFile; fileRef = F68C69EB23D223C600FB3B5D /* FeedPostView.swift */; };
		F68C69F123D2241D00FB3B5D /* ProfileView.swift in Sources */ = {isa = PBXBuildFile; fileRef = F68C69F023D2241D00FB3B5D /* ProfileView.swift */; };
		F68C69F323D2245800FB3B5D /* ProfileButton.swift in Sources */ = {isa = PBXBuildFile; fileRef = F68C69F223D2245800FB3B5D /* ProfileButton.swift */; };
		F68C69F523D2247B00FB3B5D /* UpdateProfilePictureView.swift in Sources */ = {isa = PBXBuildFile; fileRef = F68C69F423D2247B00FB3B5D /* UpdateProfilePictureView.swift */; };
/* End PBXBuildFile section */

/* Begin PBXContainerItemProxy section */
		F68C69AA23D1174D00FB3B5D /* PBXContainerItemProxy */ = {
			isa = PBXContainerItemProxy;
			containerPortal = F68C698823D1174C00FB3B5D /* Project object */;
			proxyType = 1;
			remoteGlobalIDString = F68C698F23D1174C00FB3B5D;
			remoteInfo = "Run Tracker";
		};
		F68C69B523D1174E00FB3B5D /* PBXContainerItemProxy */ = {
			isa = PBXContainerItemProxy;
			containerPortal = F68C698823D1174C00FB3B5D /* Project object */;
			proxyType = 1;
			remoteGlobalIDString = F68C698F23D1174C00FB3B5D;
			remoteInfo = "Run Tracker";
		};
/* End PBXContainerItemProxy section */

/* Begin PBXFileReference section */
		F68C699023D1174C00FB3B5D /* Run Tracker.app */ = {isa = PBXFileReference; explicitFileType = wrapper.application; includeInIndex = 0; path = "Run Tracker.app"; sourceTree = BUILT_PRODUCTS_DIR; };
		F68C699323D1174C00FB3B5D /* AppDelegate.swift */ = {isa = PBXFileReference; lastKnownFileType = sourcecode.swift; path = AppDelegate.swift; sourceTree = "<group>"; };
		F68C699523D1174C00FB3B5D /* SceneDelegate.swift */ = {isa = PBXFileReference; lastKnownFileType = sourcecode.swift; path = SceneDelegate.swift; sourceTree = "<group>"; };
		F68C699823D1174C00FB3B5D /* Run_Tracker.xcdatamodel */ = {isa = PBXFileReference; lastKnownFileType = wrapper.xcdatamodel; path = Run_Tracker.xcdatamodel; sourceTree = "<group>"; };
		F68C699C23D1174D00FB3B5D /* Assets.xcassets */ = {isa = PBXFileReference; lastKnownFileType = folder.assetcatalog; path = Assets.xcassets; sourceTree = "<group>"; };
		F68C699F23D1174D00FB3B5D /* Preview Assets.xcassets */ = {isa = PBXFileReference; lastKnownFileType = folder.assetcatalog; path = "Preview Assets.xcassets"; sourceTree = "<group>"; };
		F68C69A223D1174D00FB3B5D /* Base */ = {isa = PBXFileReference; lastKnownFileType = file.storyboard; name = Base; path = Base.lproj/LaunchScreen.storyboard; sourceTree = "<group>"; };
		F68C69A423D1174D00FB3B5D /* Info.plist */ = {isa = PBXFileReference; lastKnownFileType = text.plist.xml; path = Info.plist; sourceTree = "<group>"; };
		F68C69A923D1174D00FB3B5D /* Run TrackerTests.xctest */ = {isa = PBXFileReference; explicitFileType = wrapper.cfbundle; includeInIndex = 0; path = "Run TrackerTests.xctest"; sourceTree = BUILT_PRODUCTS_DIR; };
		F68C69AD23D1174D00FB3B5D /* Run_TrackerTests.swift */ = {isa = PBXFileReference; lastKnownFileType = sourcecode.swift; path = Run_TrackerTests.swift; sourceTree = "<group>"; };
		F68C69AF23D1174E00FB3B5D /* Info.plist */ = {isa = PBXFileReference; lastKnownFileType = text.plist.xml; path = Info.plist; sourceTree = "<group>"; };
		F68C69B423D1174E00FB3B5D /* Run TrackerUITests.xctest */ = {isa = PBXFileReference; explicitFileType = wrapper.cfbundle; includeInIndex = 0; path = "Run TrackerUITests.xctest"; sourceTree = BUILT_PRODUCTS_DIR; };
		F68C69B823D1174E00FB3B5D /* Run_TrackerUITests.swift */ = {isa = PBXFileReference; lastKnownFileType = sourcecode.swift; path = Run_TrackerUITests.swift; sourceTree = "<group>"; };
		F68C69BA23D1174E00FB3B5D /* Info.plist */ = {isa = PBXFileReference; lastKnownFileType = text.plist.xml; path = Info.plist; sourceTree = "<group>"; };
		F68C69C923D117FA00FB3B5D /* RootTabView.swift */ = {isa = PBXFileReference; lastKnownFileType = sourcecode.swift; path = RootTabView.swift; sourceTree = "<group>"; };
		F68C69D023D11AED00FB3B5D /* FeedRootView.swift */ = {isa = PBXFileReference; lastKnownFileType = sourcecode.swift; path = FeedRootView.swift; sourceTree = "<group>"; };
		F68C69D223D11B2800FB3B5D /* FeedViewModel.swift */ = {isa = PBXFileReference; lastKnownFileType = sourcecode.swift; path = FeedViewModel.swift; sourceTree = "<group>"; };
		F68C69D423D11B3F00FB3B5D /* EventsViewModel.swift */ = {isa = PBXFileReference; lastKnownFileType = sourcecode.swift; path = EventsViewModel.swift; sourceTree = "<group>"; };
		F68C69D623D11B5200FB3B5D /* DashboardViewModel.swift */ = {isa = PBXFileReference; lastKnownFileType = sourcecode.swift; path = DashboardViewModel.swift; sourceTree = "<group>"; };
		F68C69D823D11B6300FB3B5D /* NewWorkoutViewModel.swift */ = {isa = PBXFileReference; lastKnownFileType = sourcecode.swift; path = NewWorkoutViewModel.swift; sourceTree = "<group>"; };
		F68C69DA23D11B6F00FB3B5D /* ExploreViewModel.swift */ = {isa = PBXFileReference; lastKnownFileType = sourcecode.swift; path = ExploreViewModel.swift; sourceTree = "<group>"; };
		F68C69DE23D11BE400FB3B5D /* ExploreRootView.swift */ = {isa = PBXFileReference; lastKnownFileType = sourcecode.swift; path = ExploreRootView.swift; sourceTree = "<group>"; };
		F68C69E023D11C1C00FB3B5D /* NewWorkoutRootView.swift */ = {isa = PBXFileReference; lastKnownFileType = sourcecode.swift; path = NewWorkoutRootView.swift; sourceTree = "<group>"; };
		F68C69E223D11C3B00FB3B5D /* DashboardRootView.swift */ = {isa = PBXFileReference; lastKnownFileType = sourcecode.swift; path = DashboardRootView.swift; sourceTree = "<group>"; };
		F68C69E423D11C6400FB3B5D /* EventsRootView.swift */ = {isa = PBXFileReference; lastKnownFileType = sourcecode.swift; path = EventsRootView.swift; sourceTree = "<group>"; };
		F68C69E623D11D8D00FB3B5D /* NewWorkoutButton.swift */ = {isa = PBXFileReference; lastKnownFileType = sourcecode.swift; path = NewWorkoutButton.swift; sourceTree = "<group>"; };
		F68C69E923D2206B00FB3B5D /* FeedFilterView.swift */ = {isa = PBXFileReference; lastKnownFileType = sourcecode.swift; path = FeedFilterView.swift; sourceTree = "<group>"; };
		F68C69EB23D223C600FB3B5D /* FeedPostView.swift */ = {isa = PBXFileReference; lastKnownFileType = sourcecode.swift; path = FeedPostView.swift; sourceTree = "<group>"; };
		F68C69F023D2241D00FB3B5D /* ProfileView.swift */ = {isa = PBXFileReference; lastKnownFileType = sourcecode.swift; path = ProfileView.swift; sourceTree = "<group>"; };
		F68C69F223D2245800FB3B5D /* ProfileButton.swift */ = {isa = PBXFileReference; lastKnownFileType = sourcecode.swift; path = ProfileButton.swift; sourceTree = "<group>"; };
		F68C69F423D2247B00FB3B5D /* UpdateProfilePictureView.swift */ = {isa = PBXFileReference; lastKnownFileType = sourcecode.swift; path = UpdateProfilePictureView.swift; sourceTree = "<group>"; };
/* End PBXFileReference section */

/* Begin PBXFrameworksBuildPhase section */
		F68C698D23D1174C00FB3B5D /* Frameworks */ = {
			isa = PBXFrameworksBuildPhase;
			buildActionMask = 2147483647;
			files = (
			);
			runOnlyForDeploymentPostprocessing = 0;
		};
		F68C69A623D1174D00FB3B5D /* Frameworks */ = {
			isa = PBXFrameworksBuildPhase;
			buildActionMask = 2147483647;
			files = (
			);
			runOnlyForDeploymentPostprocessing = 0;
		};
		F68C69B123D1174E00FB3B5D /* Frameworks */ = {
			isa = PBXFrameworksBuildPhase;
			buildActionMask = 2147483647;
			files = (
			);
			runOnlyForDeploymentPostprocessing = 0;
		};
/* End PBXFrameworksBuildPhase section */

/* Begin PBXGroup section */
		F68C698723D1174C00FB3B5D = {
			isa = PBXGroup;
			children = (
				F68C699223D1174C00FB3B5D /* Run Tracker */,
				F68C69AC23D1174D00FB3B5D /* Run TrackerTests */,
				F68C69B723D1174E00FB3B5D /* Run TrackerUITests */,
				F68C699123D1174C00FB3B5D /* Products */,
			);
			sourceTree = "<group>";
		};
		F68C699123D1174C00FB3B5D /* Products */ = {
			isa = PBXGroup;
			children = (
				F68C699023D1174C00FB3B5D /* Run Tracker.app */,
				F68C69A923D1174D00FB3B5D /* Run TrackerTests.xctest */,
				F68C69B423D1174E00FB3B5D /* Run TrackerUITests.xctest */,
			);
			name = Products;
			sourceTree = "<group>";
		};
		F68C699223D1174C00FB3B5D /* Run Tracker */ = {
			isa = PBXGroup;
			children = (
				F68C69C623D117A900FB3B5D /* View */,
				F68C69C823D117B900FB3B5D /* ViewModel */,
				F68C69C723D117B500FB3B5D /* Model */,
				F68C699323D1174C00FB3B5D /* AppDelegate.swift */,
				F68C699523D1174C00FB3B5D /* SceneDelegate.swift */,
				F68C699C23D1174D00FB3B5D /* Assets.xcassets */,
				F68C69A123D1174D00FB3B5D /* LaunchScreen.storyboard */,
				F68C69A423D1174D00FB3B5D /* Info.plist */,
				F68C699723D1174C00FB3B5D /* Run_Tracker.xcdatamodeld */,
				F68C699E23D1174D00FB3B5D /* Preview Content */,
			);
			path = "Run Tracker";
			sourceTree = "<group>";
		};
		F68C699E23D1174D00FB3B5D /* Preview Content */ = {
			isa = PBXGroup;
			children = (
				F68C699F23D1174D00FB3B5D /* Preview Assets.xcassets */,
			);
			path = "Preview Content";
			sourceTree = "<group>";
		};
		F68C69AC23D1174D00FB3B5D /* Run TrackerTests */ = {
			isa = PBXGroup;
			children = (
				F68C69AD23D1174D00FB3B5D /* Run_TrackerTests.swift */,
				F68C69AF23D1174E00FB3B5D /* Info.plist */,
			);
			path = "Run TrackerTests";
			sourceTree = "<group>";
		};
		F68C69B723D1174E00FB3B5D /* Run TrackerUITests */ = {
			isa = PBXGroup;
			children = (
				F68C69B823D1174E00FB3B5D /* Run_TrackerUITests.swift */,
				F68C69BA23D1174E00FB3B5D /* Info.plist */,
			);
			path = "Run TrackerUITests";
			sourceTree = "<group>";
		};
		F68C69C623D117A900FB3B5D /* View */ = {
			isa = PBXGroup;
			children = (
				F68C69C923D117FA00FB3B5D /* RootTabView.swift */,
				F68C69CF23D11ADF00FB3B5D /* Feed */,
				F68C69CE23D11ACC00FB3B5D /* Explore */,
				F68C69CD23D11ABE00FB3B5D /* New Workout */,
				F68C69CC23D11AB300FB3B5D /* Dashboard */,
				F68C69CB23D11AAC00FB3B5D /* Events */,
				F68C69E823D125DC00FB3B5D /* General */,
			);
			path = View;
			sourceTree = "<group>";
		};
		F68C69C723D117B500FB3B5D /* Model */ = {
			isa = PBXGroup;
			children = (
			);
			path = Model;
			sourceTree = "<group>";
		};
		F68C69C823D117B900FB3B5D /* ViewModel */ = {
			isa = PBXGroup;
			children = (
				F68C69D223D11B2800FB3B5D /* FeedViewModel.swift */,
				F68C69DA23D11B6F00FB3B5D /* ExploreViewModel.swift */,
				F68C69D823D11B6300FB3B5D /* NewWorkoutViewModel.swift */,
				F68C69D623D11B5200FB3B5D /* DashboardViewModel.swift */,
				F68C69D423D11B3F00FB3B5D /* EventsViewModel.swift */,
			);
			path = ViewModel;
			sourceTree = "<group>";
		};
		F68C69CB23D11AAC00FB3B5D /* Events */ = {
			isa = PBXGroup;
			children = (
				F68C69E423D11C6400FB3B5D /* EventsRootView.swift */,
			);
			path = Events;
			sourceTree = "<group>";
		};
		F68C69CC23D11AB300FB3B5D /* Dashboard */ = {
			isa = PBXGroup;
			children = (
				F68C69E223D11C3B00FB3B5D /* DashboardRootView.swift */,
			);
			path = Dashboard;
			sourceTree = "<group>";
		};
		F68C69CD23D11ABE00FB3B5D /* New Workout */ = {
			isa = PBXGroup;
			children = (
				F68C69E023D11C1C00FB3B5D /* NewWorkoutRootView.swift */,
			);
			path = "New Workout";
			sourceTree = "<group>";
		};
		F68C69CE23D11ACC00FB3B5D /* Explore */ = {
			isa = PBXGroup;
			children = (
				F68C69DE23D11BE400FB3B5D /* ExploreRootView.swift */,
			);
			path = Explore;
			sourceTree = "<group>";
		};
		F68C69CF23D11ADF00FB3B5D /* Feed */ = {
			isa = PBXGroup;
			children = (
				F68C69D023D11AED00FB3B5D /* FeedRootView.swift */,
				F68C69E923D2206B00FB3B5D /* FeedFilterView.swift */,
				F68C69EB23D223C600FB3B5D /* FeedPostView.swift */,
			);
			path = Feed;
			sourceTree = "<group>";
		};
		F68C69E823D125DC00FB3B5D /* General */ = {
			isa = PBXGroup;
			children = (
				F68C69EF23D2241200FB3B5D /* Profile */,
				F68C69E623D11D8D00FB3B5D /* NewWorkoutButton.swift */,
			);
			path = General;
			sourceTree = "<group>";
		};
		F68C69EF23D2241200FB3B5D /* Profile */ = {
			isa = PBXGroup;
			children = (
				F68C69F023D2241D00FB3B5D /* ProfileView.swift */,
				F68C69F223D2245800FB3B5D /* ProfileButton.swift */,
				F68C69F423D2247B00FB3B5D /* UpdateProfilePictureView.swift */,
			);
			path = Profile;
			sourceTree = "<group>";
		};
/* End PBXGroup section */

/* Begin PBXNativeTarget section */
		F68C698F23D1174C00FB3B5D /* Run Tracker */ = {
			isa = PBXNativeTarget;
			buildConfigurationList = F68C69BD23D1174E00FB3B5D /* Build configuration list for PBXNativeTarget "Run Tracker" */;
			buildPhases = (
				F68C698C23D1174C00FB3B5D /* Sources */,
				F68C698D23D1174C00FB3B5D /* Frameworks */,
				F68C698E23D1174C00FB3B5D /* Resources */,
			);
			buildRules = (
			);
			dependencies = (
			);
			name = "Run Tracker";
			productName = "Run Tracker";
			productReference = F68C699023D1174C00FB3B5D /* Run Tracker.app */;
			productType = "com.apple.product-type.application";
		};
		F68C69A823D1174D00FB3B5D /* Run TrackerTests */ = {
			isa = PBXNativeTarget;
			buildConfigurationList = F68C69C023D1174E00FB3B5D /* Build configuration list for PBXNativeTarget "Run TrackerTests" */;
			buildPhases = (
				F68C69A523D1174D00FB3B5D /* Sources */,
				F68C69A623D1174D00FB3B5D /* Frameworks */,
				F68C69A723D1174D00FB3B5D /* Resources */,
			);
			buildRules = (
			);
			dependencies = (
				F68C69AB23D1174D00FB3B5D /* PBXTargetDependency */,
			);
			name = "Run TrackerTests";
			productName = "Run TrackerTests";
			productReference = F68C69A923D1174D00FB3B5D /* Run TrackerTests.xctest */;
			productType = "com.apple.product-type.bundle.unit-test";
		};
		F68C69B323D1174E00FB3B5D /* Run TrackerUITests */ = {
			isa = PBXNativeTarget;
			buildConfigurationList = F68C69C323D1174E00FB3B5D /* Build configuration list for PBXNativeTarget "Run TrackerUITests" */;
			buildPhases = (
				F68C69B023D1174E00FB3B5D /* Sources */,
				F68C69B123D1174E00FB3B5D /* Frameworks */,
				F68C69B223D1174E00FB3B5D /* Resources */,
			);
			buildRules = (
			);
			dependencies = (
				F68C69B623D1174E00FB3B5D /* PBXTargetDependency */,
			);
			name = "Run TrackerUITests";
			productName = "Run TrackerUITests";
			productReference = F68C69B423D1174E00FB3B5D /* Run TrackerUITests.xctest */;
			productType = "com.apple.product-type.bundle.ui-testing";
		};
/* End PBXNativeTarget section */

/* Begin PBXProject section */
		F68C698823D1174C00FB3B5D /* Project object */ = {
			isa = PBXProject;
			attributes = {
				LastSwiftUpdateCheck = 1130;
				LastUpgradeCheck = 1130;
				ORGANIZATIONNAME = "Max Gillespie";
				TargetAttributes = {
					F68C698F23D1174C00FB3B5D = {
						CreatedOnToolsVersion = 11.3.1;
					};
					F68C69A823D1174D00FB3B5D = {
						CreatedOnToolsVersion = 11.3.1;
						TestTargetID = F68C698F23D1174C00FB3B5D;
					};
					F68C69B323D1174E00FB3B5D = {
						CreatedOnToolsVersion = 11.3.1;
						TestTargetID = F68C698F23D1174C00FB3B5D;
					};
				};
			};
			buildConfigurationList = F68C698B23D1174C00FB3B5D /* Build configuration list for PBXProject "Run Tracker" */;
			compatibilityVersion = "Xcode 9.3";
			developmentRegion = en;
			hasScannedForEncodings = 0;
			knownRegions = (
				en,
				Base,
			);
			mainGroup = F68C698723D1174C00FB3B5D;
			productRefGroup = F68C699123D1174C00FB3B5D /* Products */;
			projectDirPath = "";
			projectRoot = "";
			targets = (
				F68C698F23D1174C00FB3B5D /* Run Tracker */,
				F68C69A823D1174D00FB3B5D /* Run TrackerTests */,
				F68C69B323D1174E00FB3B5D /* Run TrackerUITests */,
			);
		};
/* End PBXProject section */

/* Begin PBXResourcesBuildPhase section */
		F68C698E23D1174C00FB3B5D /* Resources */ = {
			isa = PBXResourcesBuildPhase;
			buildActionMask = 2147483647;
			files = (
				F68C69A323D1174D00FB3B5D /* LaunchScreen.storyboard in Resources */,
				F68C69A023D1174D00FB3B5D /* Preview Assets.xcassets in Resources */,
				F68C699D23D1174D00FB3B5D /* Assets.xcassets in Resources */,
			);
			runOnlyForDeploymentPostprocessing = 0;
		};
		F68C69A723D1174D00FB3B5D /* Resources */ = {
			isa = PBXResourcesBuildPhase;
			buildActionMask = 2147483647;
			files = (
			);
			runOnlyForDeploymentPostprocessing = 0;
		};
		F68C69B223D1174E00FB3B5D /* Resources */ = {
			isa = PBXResourcesBuildPhase;
			buildActionMask = 2147483647;
			files = (
			);
			runOnlyForDeploymentPostprocessing = 0;
		};
/* End PBXResourcesBuildPhase section */

/* Begin PBXSourcesBuildPhase section */
		F68C698C23D1174C00FB3B5D /* Sources */ = {
			isa = PBXSourcesBuildPhase;
			buildActionMask = 2147483647;
			files = (
				F68C69D123D11AEE00FB3B5D /* FeedRootView.swift in Sources */,
				F68C69E523D11C6400FB3B5D /* EventsRootView.swift in Sources */,
				F68C699923D1174C00FB3B5D /* Run_Tracker.xcdatamodeld in Sources */,
				F68C69D323D11B2800FB3B5D /* FeedViewModel.swift in Sources */,
				F68C69F323D2245800FB3B5D /* ProfileButton.swift in Sources */,
				F68C69EA23D2206B00FB3B5D /* FeedFilterView.swift in Sources */,
				F68C69DF23D11BE400FB3B5D /* ExploreRootView.swift in Sources */,
				F68C699423D1174C00FB3B5D /* AppDelegate.swift in Sources */,
				F68C69F523D2247B00FB3B5D /* UpdateProfilePictureView.swift in Sources */,
				F68C69D523D11B3F00FB3B5D /* EventsViewModel.swift in Sources */,
				F68C69E723D11D8D00FB3B5D /* NewWorkoutButton.swift in Sources */,
				F68C69CA23D117FA00FB3B5D /* RootTabView.swift in Sources */,
				F68C69F123D2241D00FB3B5D /* ProfileView.swift in Sources */,
				F68C69E123D11C1C00FB3B5D /* NewWorkoutRootView.swift in Sources */,
				F68C69DB23D11B6F00FB3B5D /* ExploreViewModel.swift in Sources */,
				F68C699623D1174C00FB3B5D /* SceneDelegate.swift in Sources */,
				F68C69D723D11B5200FB3B5D /* DashboardViewModel.swift in Sources */,
				F68C69EC23D223C600FB3B5D /* FeedPostView.swift in Sources */,
				F68C69D923D11B6300FB3B5D /* NewWorkoutViewModel.swift in Sources */,
				F68C69E323D11C3B00FB3B5D /* DashboardRootView.swift in Sources */,
			);
			runOnlyForDeploymentPostprocessing = 0;
		};
		F68C69A523D1174D00FB3B5D /* Sources */ = {
			isa = PBXSourcesBuildPhase;
			buildActionMask = 2147483647;
			files = (
				F68C69AE23D1174D00FB3B5D /* Run_TrackerTests.swift in Sources */,
			);
			runOnlyForDeploymentPostprocessing = 0;
		};
		F68C69B023D1174E00FB3B5D /* Sources */ = {
			isa = PBXSourcesBuildPhase;
			buildActionMask = 2147483647;
			files = (
				F68C69B923D1174E00FB3B5D /* Run_TrackerUITests.swift in Sources */,
			);
			runOnlyForDeploymentPostprocessing = 0;
		};
/* End PBXSourcesBuildPhase section */

/* Begin PBXTargetDependency section */
		F68C69AB23D1174D00FB3B5D /* PBXTargetDependency */ = {
			isa = PBXTargetDependency;
			target = F68C698F23D1174C00FB3B5D /* Run Tracker */;
			targetProxy = F68C69AA23D1174D00FB3B5D /* PBXContainerItemProxy */;
		};
		F68C69B623D1174E00FB3B5D /* PBXTargetDependency */ = {
			isa = PBXTargetDependency;
			target = F68C698F23D1174C00FB3B5D /* Run Tracker */;
			targetProxy = F68C69B523D1174E00FB3B5D /* PBXContainerItemProxy */;
		};
/* End PBXTargetDependency section */

/* Begin PBXVariantGroup section */
		F68C69A123D1174D00FB3B5D /* LaunchScreen.storyboard */ = {
			isa = PBXVariantGroup;
			children = (
				F68C69A223D1174D00FB3B5D /* Base */,
			);
			name = LaunchScreen.storyboard;
			sourceTree = "<group>";
		};
/* End PBXVariantGroup section */

/* Begin XCBuildConfiguration section */
		F68C69BB23D1174E00FB3B5D /* Debug */ = {
			isa = XCBuildConfiguration;
			buildSettings = {
				ALWAYS_SEARCH_USER_PATHS = NO;
				CLANG_ANALYZER_NONNULL = YES;
				CLANG_ANALYZER_NUMBER_OBJECT_CONVERSION = YES_AGGRESSIVE;
				CLANG_CXX_LANGUAGE_STANDARD = "gnu++14";
				CLANG_CXX_LIBRARY = "libc++";
				CLANG_ENABLE_MODULES = YES;
				CLANG_ENABLE_OBJC_ARC = YES;
				CLANG_ENABLE_OBJC_WEAK = YES;
				CLANG_WARN_BLOCK_CAPTURE_AUTORELEASING = YES;
				CLANG_WARN_BOOL_CONVERSION = YES;
				CLANG_WARN_COMMA = YES;
				CLANG_WARN_CONSTANT_CONVERSION = YES;
				CLANG_WARN_DEPRECATED_OBJC_IMPLEMENTATIONS = YES;
				CLANG_WARN_DIRECT_OBJC_ISA_USAGE = YES_ERROR;
				CLANG_WARN_DOCUMENTATION_COMMENTS = YES;
				CLANG_WARN_EMPTY_BODY = YES;
				CLANG_WARN_ENUM_CONVERSION = YES;
				CLANG_WARN_INFINITE_RECURSION = YES;
				CLANG_WARN_INT_CONVERSION = YES;
				CLANG_WARN_NON_LITERAL_NULL_CONVERSION = YES;
				CLANG_WARN_OBJC_IMPLICIT_RETAIN_SELF = YES;
				CLANG_WARN_OBJC_LITERAL_CONVERSION = YES;
				CLANG_WARN_OBJC_ROOT_CLASS = YES_ERROR;
				CLANG_WARN_RANGE_LOOP_ANALYSIS = YES;
				CLANG_WARN_STRICT_PROTOTYPES = YES;
				CLANG_WARN_SUSPICIOUS_MOVE = YES;
				CLANG_WARN_UNGUARDED_AVAILABILITY = YES_AGGRESSIVE;
				CLANG_WARN_UNREACHABLE_CODE = YES;
				CLANG_WARN__DUPLICATE_METHOD_MATCH = YES;
				COPY_PHASE_STRIP = NO;
				DEBUG_INFORMATION_FORMAT = dwarf;
				ENABLE_STRICT_OBJC_MSGSEND = YES;
				ENABLE_TESTABILITY = YES;
				GCC_C_LANGUAGE_STANDARD = gnu11;
				GCC_DYNAMIC_NO_PIC = NO;
				GCC_NO_COMMON_BLOCKS = YES;
				GCC_OPTIMIZATION_LEVEL = 0;
				GCC_PREPROCESSOR_DEFINITIONS = (
					"DEBUG=1",
					"$(inherited)",
				);
				GCC_WARN_64_TO_32_BIT_CONVERSION = YES;
				GCC_WARN_ABOUT_RETURN_TYPE = YES_ERROR;
				GCC_WARN_UNDECLARED_SELECTOR = YES;
				GCC_WARN_UNINITIALIZED_AUTOS = YES_AGGRESSIVE;
				GCC_WARN_UNUSED_FUNCTION = YES;
				GCC_WARN_UNUSED_VARIABLE = YES;
				IPHONEOS_DEPLOYMENT_TARGET = 13.2;
				MTL_ENABLE_DEBUG_INFO = INCLUDE_SOURCE;
				MTL_FAST_MATH = YES;
				ONLY_ACTIVE_ARCH = YES;
				SDKROOT = iphoneos;
				SWIFT_ACTIVE_COMPILATION_CONDITIONS = DEBUG;
				SWIFT_OPTIMIZATION_LEVEL = "-Onone";
			};
			name = Debug;
		};
		F68C69BC23D1174E00FB3B5D /* Release */ = {
			isa = XCBuildConfiguration;
			buildSettings = {
				ALWAYS_SEARCH_USER_PATHS = NO;
				CLANG_ANALYZER_NONNULL = YES;
				CLANG_ANALYZER_NUMBER_OBJECT_CONVERSION = YES_AGGRESSIVE;
				CLANG_CXX_LANGUAGE_STANDARD = "gnu++14";
				CLANG_CXX_LIBRARY = "libc++";
				CLANG_ENABLE_MODULES = YES;
				CLANG_ENABLE_OBJC_ARC = YES;
				CLANG_ENABLE_OBJC_WEAK = YES;
				CLANG_WARN_BLOCK_CAPTURE_AUTORELEASING = YES;
				CLANG_WARN_BOOL_CONVERSION = YES;
				CLANG_WARN_COMMA = YES;
				CLANG_WARN_CONSTANT_CONVERSION = YES;
				CLANG_WARN_DEPRECATED_OBJC_IMPLEMENTATIONS = YES;
				CLANG_WARN_DIRECT_OBJC_ISA_USAGE = YES_ERROR;
				CLANG_WARN_DOCUMENTATION_COMMENTS = YES;
				CLANG_WARN_EMPTY_BODY = YES;
				CLANG_WARN_ENUM_CONVERSION = YES;
				CLANG_WARN_INFINITE_RECURSION = YES;
				CLANG_WARN_INT_CONVERSION = YES;
				CLANG_WARN_NON_LITERAL_NULL_CONVERSION = YES;
				CLANG_WARN_OBJC_IMPLICIT_RETAIN_SELF = YES;
				CLANG_WARN_OBJC_LITERAL_CONVERSION = YES;
				CLANG_WARN_OBJC_ROOT_CLASS = YES_ERROR;
				CLANG_WARN_RANGE_LOOP_ANALYSIS = YES;
				CLANG_WARN_STRICT_PROTOTYPES = YES;
				CLANG_WARN_SUSPICIOUS_MOVE = YES;
				CLANG_WARN_UNGUARDED_AVAILABILITY = YES_AGGRESSIVE;
				CLANG_WARN_UNREACHABLE_CODE = YES;
				CLANG_WARN__DUPLICATE_METHOD_MATCH = YES;
				COPY_PHASE_STRIP = NO;
				DEBUG_INFORMATION_FORMAT = "dwarf-with-dsym";
				ENABLE_NS_ASSERTIONS = NO;
				ENABLE_STRICT_OBJC_MSGSEND = YES;
				GCC_C_LANGUAGE_STANDARD = gnu11;
				GCC_NO_COMMON_BLOCKS = YES;
				GCC_WARN_64_TO_32_BIT_CONVERSION = YES;
				GCC_WARN_ABOUT_RETURN_TYPE = YES_ERROR;
				GCC_WARN_UNDECLARED_SELECTOR = YES;
				GCC_WARN_UNINITIALIZED_AUTOS = YES_AGGRESSIVE;
				GCC_WARN_UNUSED_FUNCTION = YES;
				GCC_WARN_UNUSED_VARIABLE = YES;
				IPHONEOS_DEPLOYMENT_TARGET = 13.2;
				MTL_ENABLE_DEBUG_INFO = NO;
				MTL_FAST_MATH = YES;
				SDKROOT = iphoneos;
				SWIFT_COMPILATION_MODE = wholemodule;
				SWIFT_OPTIMIZATION_LEVEL = "-O";
				VALIDATE_PRODUCT = YES;
			};
			name = Release;
		};
		F68C69BE23D1174E00FB3B5D /* Debug */ = {
			isa = XCBuildConfiguration;
			buildSettings = {
				ASSETCATALOG_COMPILER_APPICON_NAME = AppIcon;
				CODE_SIGN_STYLE = Automatic;
				DEVELOPMENT_ASSET_PATHS = "\"Run Tracker/Preview Content\"";
				DEVELOPMENT_TEAM = Q7TC672PPY;
				ENABLE_PREVIEWS = YES;
				INFOPLIST_FILE = "Run Tracker/Info.plist";
				LD_RUNPATH_SEARCH_PATHS = (
					"$(inherited)",
					"@executable_path/Frameworks",
				);
				PRODUCT_BUNDLE_IDENTIFIER = "Max-Gillespie.Run-Tracker";
				PRODUCT_NAME = "$(TARGET_NAME)";
				SWIFT_VERSION = 5.0;
				TARGETED_DEVICE_FAMILY = "1,2";
			};
			name = Debug;
		};
		F68C69BF23D1174E00FB3B5D /* Release */ = {
			isa = XCBuildConfiguration;
			buildSettings = {
				ASSETCATALOG_COMPILER_APPICON_NAME = AppIcon;
				CODE_SIGN_STYLE = Automatic;
				DEVELOPMENT_ASSET_PATHS = "\"Run Tracker/Preview Content\"";
				DEVELOPMENT_TEAM = Q7TC672PPY;
				ENABLE_PREVIEWS = YES;
				INFOPLIST_FILE = "Run Tracker/Info.plist";
				LD_RUNPATH_SEARCH_PATHS = (
					"$(inherited)",
					"@executable_path/Frameworks",
				);
				PRODUCT_BUNDLE_IDENTIFIER = "Max-Gillespie.Run-Tracker";
				PRODUCT_NAME = "$(TARGET_NAME)";
				SWIFT_VERSION = 5.0;
				TARGETED_DEVICE_FAMILY = "1,2";
			};
			name = Release;
		};
		F68C69C123D1174E00FB3B5D /* Debug */ = {
			isa = XCBuildConfiguration;
			buildSettings = {
				ALWAYS_EMBED_SWIFT_STANDARD_LIBRARIES = YES;
				BUNDLE_LOADER = "$(TEST_HOST)";
				CODE_SIGN_STYLE = Automatic;
				DEVELOPMENT_TEAM = Q7TC672PPY;
				INFOPLIST_FILE = "Run TrackerTests/Info.plist";
				IPHONEOS_DEPLOYMENT_TARGET = 13.2;
				LD_RUNPATH_SEARCH_PATHS = (
					"$(inherited)",
					"@executable_path/Frameworks",
					"@loader_path/Frameworks",
				);
				PRODUCT_BUNDLE_IDENTIFIER = "Max-Gillespie.Run-TrackerTests";
				PRODUCT_NAME = "$(TARGET_NAME)";
				SWIFT_VERSION = 5.0;
				TARGETED_DEVICE_FAMILY = "1,2";
				TEST_HOST = "$(BUILT_PRODUCTS_DIR)/Run Tracker.app/Run Tracker";
			};
			name = Debug;
		};
		F68C69C223D1174E00FB3B5D /* Release */ = {
			isa = XCBuildConfiguration;
			buildSettings = {
				ALWAYS_EMBED_SWIFT_STANDARD_LIBRARIES = YES;
				BUNDLE_LOADER = "$(TEST_HOST)";
				CODE_SIGN_STYLE = Automatic;
				DEVELOPMENT_TEAM = Q7TC672PPY;
				INFOPLIST_FILE = "Run TrackerTests/Info.plist";
				IPHONEOS_DEPLOYMENT_TARGET = 13.2;
				LD_RUNPATH_SEARCH_PATHS = (
					"$(inherited)",
					"@executable_path/Frameworks",
					"@loader_path/Frameworks",
				);
				PRODUCT_BUNDLE_IDENTIFIER = "Max-Gillespie.Run-TrackerTests";
				PRODUCT_NAME = "$(TARGET_NAME)";
				SWIFT_VERSION = 5.0;
				TARGETED_DEVICE_FAMILY = "1,2";
				TEST_HOST = "$(BUILT_PRODUCTS_DIR)/Run Tracker.app/Run Tracker";
			};
			name = Release;
		};
		F68C69C423D1174E00FB3B5D /* Debug */ = {
			isa = XCBuildConfiguration;
			buildSettings = {
				ALWAYS_EMBED_SWIFT_STANDARD_LIBRARIES = YES;
				CODE_SIGN_STYLE = Automatic;
				DEVELOPMENT_TEAM = Q7TC672PPY;
				INFOPLIST_FILE = "Run TrackerUITests/Info.plist";
				LD_RUNPATH_SEARCH_PATHS = (
					"$(inherited)",
					"@executable_path/Frameworks",
					"@loader_path/Frameworks",
				);
				PRODUCT_BUNDLE_IDENTIFIER = "Max-Gillespie.Run-TrackerUITests";
				PRODUCT_NAME = "$(TARGET_NAME)";
				SWIFT_VERSION = 5.0;
				TARGETED_DEVICE_FAMILY = "1,2";
				TEST_TARGET_NAME = "Run Tracker";
			};
			name = Debug;
		};
		F68C69C523D1174E00FB3B5D /* Release */ = {
			isa = XCBuildConfiguration;
			buildSettings = {
				ALWAYS_EMBED_SWIFT_STANDARD_LIBRARIES = YES;
				CODE_SIGN_STYLE = Automatic;
				DEVELOPMENT_TEAM = Q7TC672PPY;
				INFOPLIST_FILE = "Run TrackerUITests/Info.plist";
				LD_RUNPATH_SEARCH_PATHS = (
					"$(inherited)",
					"@executable_path/Frameworks",
					"@loader_path/Frameworks",
				);
				PRODUCT_BUNDLE_IDENTIFIER = "Max-Gillespie.Run-TrackerUITests";
				PRODUCT_NAME = "$(TARGET_NAME)";
				SWIFT_VERSION = 5.0;
				TARGETED_DEVICE_FAMILY = "1,2";
				TEST_TARGET_NAME = "Run Tracker";
			};
			name = Release;
		};
/* End XCBuildConfiguration section */

/* Begin XCConfigurationList section */
		F68C698B23D1174C00FB3B5D /* Build configuration list for PBXProject "Run Tracker" */ = {
			isa = XCConfigurationList;
			buildConfigurations = (
				F68C69BB23D1174E00FB3B5D /* Debug */,
				F68C69BC23D1174E00FB3B5D /* Release */,
			);
			defaultConfigurationIsVisible = 0;
			defaultConfigurationName = Release;
		};
		F68C69BD23D1174E00FB3B5D /* Build configuration list for PBXNativeTarget "Run Tracker" */ = {
			isa = XCConfigurationList;
			buildConfigurations = (
				F68C69BE23D1174E00FB3B5D /* Debug */,
				F68C69BF23D1174E00FB3B5D /* Release */,
			);
			defaultConfigurationIsVisible = 0;
			defaultConfigurationName = Release;
		};
		F68C69C023D1174E00FB3B5D /* Build configuration list for PBXNativeTarget "Run TrackerTests" */ = {
			isa = XCConfigurationList;
			buildConfigurations = (
				F68C69C123D1174E00FB3B5D /* Debug */,
				F68C69C223D1174E00FB3B5D /* Release */,
			);
			defaultConfigurationIsVisible = 0;
			defaultConfigurationName = Release;
		};
		F68C69C323D1174E00FB3B5D /* Build configuration list for PBXNativeTarget "Run TrackerUITests" */ = {
			isa = XCConfigurationList;
			buildConfigurations = (
				F68C69C423D1174E00FB3B5D /* Debug */,
				F68C69C523D1174E00FB3B5D /* Release */,
			);
			defaultConfigurationIsVisible = 0;
			defaultConfigurationName = Release;
		};
/* End XCConfigurationList section */

/* Begin XCVersionGroup section */
		F68C699723D1174C00FB3B5D /* Run_Tracker.xcdatamodeld */ = {
			isa = XCVersionGroup;
			children = (
				F68C699823D1174C00FB3B5D /* Run_Tracker.xcdatamodel */,
			);
			currentVersion = F68C699823D1174C00FB3B5D /* Run_Tracker.xcdatamodel */;
			path = Run_Tracker.xcdatamodeld;
			sourceTree = "<group>";
			versionGroupType = wrapper.xcdatamodel;
		};
/* End XCVersionGroup section */
	};
	rootObject = F68C698823D1174C00FB3B5D /* Project object */;
}
